
Microsoft Visual Studio Solution File, Format Version 12.00
# Visual Studio Version 17
VisualStudioVersion = 17.5.33627.172
MinimumVisualStudioVersion = 10.0.40219.1
Project("{FAE04EC0-301F-11D3-BF4B-00C04F79EFBC}") = "otel otomasyonu", "otel otomasyonu\otel otomasyonu.csproj", "{0EF4620C-3C71-4390-A745-0BF603F3BCEA}"
EndProject
Global
	GlobalSection(SolutionConfigurationPlatforms) = preSolution
		Debug|Any CPU = Debug|Any CPU
		Release|Any CPU = Release|Any CPU
	EndGlobalSection
	GlobalSection(ProjectConfigurationPlatforms) = postSolution
		{0EF4620C-3C71-4390-A745-0BF603F3BCEA}.Debug|Any CPU.ActiveCfg = Debug|Any CPU
		{0EF4620C-3C71-4390-A745-0BF603F3BCEA}.Debug|Any CPU.Build.0 = Debug|Any CPU
		{0EF4620C-3C71-4390-A745-0BF603F3BCEA}.Release|Any CPU.ActiveCfg = Release|Any CPU
		{0EF4620C-3C71-4390-A745-0BF603F3BCEA}.Release|Any CPU.Build.0 = Release|Any CPU
	EndGlobalSection
	GlobalSection(SolutionProperties) = preSolution
		HideSolutionNode = FALSE
	EndGlobalSection
	GlobalSection(ExtensibilityGlobals) = postSolution
		SolutionGuid = {F68B5FBB-58CA-4440-BC8F-3D49E20D3308}
	EndGlobalSection
EndGlobal
